
Microsoft Visual Studio Solution File, Format Version 12.00
# Visual Studio Version 17
VisualStudioVersion = 17.0.31903.59
MinimumVisualStudioVersion = 10.0.40219.1
Project("{2150E333-8FDC-42A3-9474-1A3956D46DE8}") = "src", "src", "{8BEF5227-CE77-4C45-854B-F2FB80369BC2}"
	ProjectSection(SolutionItems) = preProject
		docker-compose.yml = docker-compose.yml
	EndProjectSection
EndProject
Project("{9A19103F-16F7-4668-BE54-9A1E7A4F7556}") = "AuctionService", "src\AuctionService\AuctionService.csproj", "{B505BC2E-908C-42FC-847A-438E4A17AFCC}"
EndProject
Project("{FAE04EC0-301F-11D3-BF4B-00C04F79EFBC}") = "SearchService", "src\SearchService\SearchService.csproj", "{F71A0B87-704F-4F00-AE00-DABEB546E12A}"
EndProject
Project("{FAE04EC0-301F-11D3-BF4B-00C04F79EFBC}") = "Contracts", "src\Contracts\Contracts.csproj", "{31EE9447-67BE-4557-ABB9-FCEB339BDB36}"
EndProject
Global
	GlobalSection(SolutionConfigurationPlatforms) = preSolution
		Debug|Any CPU = Debug|Any CPU
		Release|Any CPU = Release|Any CPU
	EndGlobalSection
	GlobalSection(ProjectConfigurationPlatforms) = postSolution
		{B505BC2E-908C-42FC-847A-438E4A17AFCC}.Debug|Any CPU.ActiveCfg = Debug|Any CPU
		{B505BC2E-908C-42FC-847A-438E4A17AFCC}.Debug|Any CPU.Build.0 = Debug|Any CPU
		{B505BC2E-908C-42FC-847A-438E4A17AFCC}.Release|Any CPU.ActiveCfg = Release|Any CPU
		{B505BC2E-908C-42FC-847A-438E4A17AFCC}.Release|Any CPU.Build.0 = Release|Any CPU
		{F71A0B87-704F-4F00-AE00-DABEB546E12A}.Debug|Any CPU.ActiveCfg = Debug|Any CPU
		{F71A0B87-704F-4F00-AE00-DABEB546E12A}.Debug|Any CPU.Build.0 = Debug|Any CPU
		{F71A0B87-704F-4F00-AE00-DABEB546E12A}.Release|Any CPU.ActiveCfg = Release|Any CPU
		{F71A0B87-704F-4F00-AE00-DABEB546E12A}.Release|Any CPU.Build.0 = Release|Any CPU
		{31EE9447-67BE-4557-ABB9-FCEB339BDB36}.Debug|Any CPU.ActiveCfg = Debug|Any CPU
		{31EE9447-67BE-4557-ABB9-FCEB339BDB36}.Debug|Any CPU.Build.0 = Debug|Any CPU
		{31EE9447-67BE-4557-ABB9-FCEB339BDB36}.Release|Any CPU.ActiveCfg = Release|Any CPU
		{31EE9447-67BE-4557-ABB9-FCEB339BDB36}.Release|Any CPU.Build.0 = Release|Any CPU
	EndGlobalSection
	GlobalSection(SolutionProperties) = preSolution
		HideSolutionNode = FALSE
	EndGlobalSection
	GlobalSection(NestedProjects) = preSolution
		{B505BC2E-908C-42FC-847A-438E4A17AFCC} = {8BEF5227-CE77-4C45-854B-F2FB80369BC2}
		{F71A0B87-704F-4F00-AE00-DABEB546E12A} = {8BEF5227-CE77-4C45-854B-F2FB80369BC2}
		{31EE9447-67BE-4557-ABB9-FCEB339BDB36} = {8BEF5227-CE77-4C45-854B-F2FB80369BC2}
	EndGlobalSection
	GlobalSection(ExtensibilityGlobals) = postSolution
		SolutionGuid = {232962EC-3FCF-4F7F-A735-A86E45B9BCAD}
	EndGlobalSection
EndGlobal
